{
    "bamarni/composer-bin-plugin": {
        "version": "1.3.0"
    },
    "behat/transliterator": {
        "version": "1.2.0"
    },
    "cache/adapter-bundle": {
        "version": "1.3.1",
        "files": [
            "config/packages/cache_adapter.yaml"
        ]
    },
    "cache/adapter-common": {
        "version": "1.1.0"
    },
    "cache/array-adapter": {
        "version": "1.0.1"
    },
    "cache/doctrine-adapter": {
        "version": "1.0.0"
    },
    "cache/hierarchical-cache": {
        "version": "1.0.0"
    },
    "cache/namespaced-cache": {
        "version": "1.0.0"
    },
    "cache/tag-interop": {
        "version": "1.0.0"
    },
    "clue/stream-filter": {
        "version": "1.4.1"
    },
    "cocur/slugify": {
        "version": "3.2"
    },
    "composer/ca-bundle": {
        "version": "1.2.4"
    },
    "core23/doctrine-extensions": {
        "version": "3.2.0"
    },
    "core23/form-extensions": {
        "version": "2.3.1"
    },
    "core23/gdpr-bundle": {
        "version": "1.0.0",
        "files": [
            "config/packages/core23_gdpr.yaml"
        ]
    },
    "core23/menu-bundle": {
        "version": "1.0.0"
    },
    "core23/sitemap-bundle": {
        "version": "3.1.0",
        "files": [
            "config/packages/core23_sitemap.yaml",
            "config/routes/core23_sitemap.yaml"
        ]
    },
    "core23/twig-extensions": {
        "version": "1.2.0"
    },
    "doctrine/annotations": {
        "version": "1.8.0",
        "files": [
            "config/routes/annotations.yaml"
        ]
    },
    "doctrine/cache": {
        "version": "1.8.0"
    },
    "doctrine/collections": {
        "version": "1.6.2"
    },
    "doctrine/common": {
        "version": "2.11.0"
    },
    "doctrine/dbal": {
        "version": "2.9.2"
    },
    "doctrine/doctrine-bundle": {
        "version": "1.11.2",
        "files": [
            "config/packages/prod/doctrine.yaml",
            "config/packages/doctrine.yaml",
            "src/Repository/.gitignore",
            "src/Entity/.gitignore"
        ]
    },
    "doctrine/doctrine-cache-bundle": {
        "version": "1.3.5"
    },
    "doctrine/doctrine-migrations-bundle": {
        "version": "2.0.0",
        "files": [
            "config/packages/doctrine_migrations.yaml",
            "src/Migrations/.gitignore"
        ]
    },
    "doctrine/event-manager": {
        "version": "1.0.0"
    },
    "doctrine/inflector": {
        "version": "1.3.0"
    },
    "doctrine/instantiator": {
        "version": "1.2.0"
    },
    "doctrine/lexer": {
        "version": "1.1.0"
    },
    "doctrine/migrations": {
        "version": "2.1.1"
    },
    "doctrine/orm": {
        "version": "2.6.4"
    },
    "doctrine/persistence": {
        "version": "1.1.1"
    },
    "doctrine/reflection": {
        "version": "1.0.0"
    },
    "egulias/email-validator": {
        "version": "2.1.11"
    },
    "foxy/foxy": {
        "version": "1.0.8"
    },
    "friendsofsymfony/ckeditor-bundle": {
        "version": "1.2.0"
    },
    "friendsofsymfony/user-bundle": {
        "version": "2.1.2"
    },
    "gedmo/doctrine-extensions": {
        "version": "2.4.37"
    },
    "guzzlehttp/guzzle": {
        "version": "6.3.3"
    },
    "guzzlehttp/promises": {
        "version": "1.3.1"
    },
    "guzzlehttp/psr7": {
        "version": "1.6.1"
    },
    "imagine/imagine": {
        "version": "0.7.1"
    },
    "jdorn/sql-formatter": {
        "version": "1.2.17"
    },
    "knplabs/knp-markdown-bundle": {
        "version": "1.7.1"
    },
    "knplabs/knp-menu": {
        "version": "2.6.0"
    },
    "knplabs/knp-menu-bundle": {
        "version": "2.3.0"
    },
    "kunicmarko/sonata-auto-configure-bundle": {
        "version": "0.6.0"
    },
    "michelf/php-markdown": {
        "version": "1.8.0"
    },
    "monolog/monolog": {
        "version": "1.25.1"
    },
    "nelmio/security-bundle": {
        "version": "2.7.0",
        "files": [
            "config/packages/nelmio_security.yaml"
        ]
    },
    "ocramius/proxy-manager": {
        "version": "2.2.3"
    },
    "paragonie/random_compat": {
        "version": "2.0.18"
    },
    "php-http/cache-plugin": {
        "version": "1.6.0"
    },
    "php-http/client-common": {
        "version": "2.0.0"
    },
    "php-http/guzzle6-adapter": {
        "version": "2.0.1"
    },
    "php-http/httplug": {
        "version": "2.0.0"
    },
    "php-http/message": {
        "version": "1.8.0"
    },
    "php-http/message-factory": {
        "version": "1.0.2"
    },
    "php-http/promise": {
        "version": "1.0.0"
    },
    "psr/cache": {
        "version": "1.0.1"
    },
    "psr/container": {
        "version": "1.0.0"
    },
    "psr/http-client": {
        "version": "1.0.0"
    },
    "psr/http-message": {
        "version": "1.0.1"
    },
    "psr/log": {
        "version": "1.1.0"
    },
    "psr/simple-cache": {
        "version": "1.0.1"
    },
    "pugx/autocompleter-bundle": {
        "version": "v1.4.3"
    },
    "ralouphie/getallheaders": {
        "version": "3.0.3"
    },
    "ramsey/uuid": {
        "version": "3.8.0"
    },
    "ramsey/uuid-doctrine": {
        "version": "1.5.0",
        "files": [
            "config/packages/ramsey_uuid_doctrine.yaml"
        ]
    },
    "roave/security-advisories": {
        "version": "dev-master"
    },
    "sllh/composer-lint": {
        "version": "1.0.1"
    },
    "sonata-project/admin-bundle": {
        "version": "3.54.1",
        "files": [
            "config/packages/sonata_admin.yaml",
            "config/routes/sonata_admin.yaml",
            "src/Admin/.gitignore"
        ]
    },
    "sonata-project/block-bundle": {
        "version": "3.18.1"
    },
    "sonata-project/cache": {
        "version": "1.1.1"
    },
    "sonata-project/cache-bundle": {
        "version": "2.4.2"
    },
    "sonata-project/core-bundle": {
        "version": "3.17.0",
        "files": [
            "config/packages/sonata_core.yaml"
        ]
    },
    "sonata-project/datagrid-bundle": {
        "version": "2.5.0"
    },
    "sonata-project/doctrine-extensions": {
        "version": "1.3.1"
    },
    "sonata-project/doctrine-orm-admin-bundle": {
        "version": "3.10.0"
    },
    "sonata-project/easy-extends-bundle": {
        "version": "2.5.0"
    },
    "sonata-project/exporter": {
        "version": "2.0.1"
    },
    "sonata-project/formatter-bundle": {
        "version": "4.1.3"
    },
    "sonata-project/intl-bundle": {
        "version": "2.7.0"
    },
    "sonata-project/notification-bundle": {
        "version": "3.6.2",
        "files": [
            "config/packages/sonata_notification.yaml"
        ]
    },
    "sonata-project/page-bundle": {
        "version": "3.12.0",
        "files": [
            "config/packages/sonata_page.yaml",
            "config/routes/sonata_page.yaml",
            "src/Entity/SonataPageSnapshot.php",
            "src/Entity/SonataPageBlock.php",
            "src/Entity/SonataPageSite.php",
            "src/Entity/SonataPagePage.php"
        ]
    },
    "sonata-project/seo-bundle": {
        "version": "2.7.0"
    },
    "sonata-project/user-bundle": {
        "version": "4.5.0"
    },
    "stof/doctrine-extensions-bundle": {
        "version": "1.3.0",
        "files": [
            "config/packages/stof_doctrine_extensions.yaml"
        ]
    },
    "swiftmailer/swiftmailer": {
        "version": "6.2.1"
    },
    "symfony-cmf/routing": {
        "version": "2.1.0"
    },
    "symfony-cmf/routing-bundle": {
        "version": "2.1.1"
    },
    "symfony/asset": {
        "version": "4.3.5"
    },
    "symfony/cache": {
        "version": "4.3.5"
    },
    "symfony/cache-contracts": {
        "version": "1.1.7"
    },
    "symfony/config": {
        "version": "4.3.5"
    },
    "symfony/console": {
        "version": "4.3.5",
        "files": [
            "bin/console",
            "config/bootstrap.php"
        ]
    },
    "symfony/css-selector": {
        "version": "4.3.5"
    },
    "symfony/debug": {
        "version": "4.3.5"
    },
    "symfony/debug-bundle": {
        "version": "4.3.5",
        "files": [
            "config/packages/dev/debug.yaml"
        ]
    },
    "symfony/dependency-injection": {
        "version": "4.3.5"
    },
    "symfony/doctrine-bridge": {
        "version": "4.3.5"
    },
    "symfony/dom-crawler": {
        "version": "4.3.5"
    },
    "symfony/event-dispatcher": {
        "version": "4.3.5"
    },
    "symfony/event-dispatcher-contracts": {
        "version": "1.1.7"
    },
    "symfony/expression-language": {
        "version": "4.3.5"
    },
    "symfony/filesystem": {
        "version": "4.3.5"
    },
    "symfony/finder": {
        "version": "4.3.5"
    },
    "symfony/flex": {
        "version": "1.4.6",
        "files": [
            ".env"
        ]
    },
    "symfony/form": {
        "version": "4.3.5"
    },
    "symfony/framework-bundle": {
        "version": "4.3.5",
        "files": [
            "config/packages/cache.yaml",
            "config/packages/framework.yaml",
            "config/packages/test/framework.yaml",
            "config/bootstrap.php",
            "config/services.yaml",
            "public/index.php",
            "src/Kernel.php",
            "src/Controller/.gitignore"
        ]
    },
    "symfony/http-foundation": {
        "version": "4.3.5"
    },
    "symfony/http-kernel": {
        "version": "4.3.5"
    },
    "symfony/inflector": {
        "version": "4.3.5"
    },
    "symfony/intl": {
        "version": "4.3.5"
    },
    "symfony/mime": {
        "version": "4.3.5"
    },
    "symfony/monolog-bridge": {
        "version": "4.3.5"
    },
    "symfony/monolog-bundle": {
        "version": "3.4.0",
        "files": [
            "config/packages/prod/monolog.yaml",
            "config/packages/test/monolog.yaml",
            "config/packages/dev/monolog.yaml"
        ]
    },
    "symfony/options-resolver": {
        "version": "4.3.5"
    },
    "symfony/polyfill-ctype": {
        "version": "1.12.0"
    },
    "symfony/polyfill-iconv": {
        "version": "1.12.0"
    },
    "symfony/polyfill-intl-icu": {
        "version": "1.12.0"
    },
    "symfony/polyfill-intl-idn": {
        "version": "1.12.0"
    },
    "symfony/polyfill-mbstring": {
        "version": "1.12.0"
    },
    "symfony/polyfill-php72": {
        "version": "1.12.0"
    },
    "symfony/polyfill-php73": {
        "version": "1.12.0"
    },
    "symfony/process": {
        "version": "4.3.5"
    },
    "symfony/property-access": {
        "version": "4.3.5"
    },
    "symfony/routing": {
        "version": "4.3.5",
        "files": [
            "config/packages/test/routing.yaml",
            "config/packages/dev/routing.yaml",
            "config/packages/routing.yaml",
            "config/routes.yaml"
        ]
    },
    "symfony/security": {
        "version": "4.3.5"
    },
    "symfony/security-acl": {
        "version": "3.0.2"
    },
    "symfony/security-bundle": {
        "version": "4.3.5",
        "files": [
            "config/packages/security.yaml"
        ]
    },
    "symfony/service-contracts": {
        "version": "1.1.7"
    },
    "symfony/stopwatch": {
        "version": "4.3.5"
    },
    "symfony/swiftmailer-bundle": {
        "version": "3.2.8",
        "files": [
            "config/packages/test/swiftmailer.yaml",
            "config/packages/dev/swiftmailer.yaml",
            "config/packages/swiftmailer.yaml"
        ]
    },
    "symfony/templating": {
        "version": "4.3.5"
    },
    "symfony/translation": {
        "version": "4.3.5",
        "files": [
            "config/packages/translation.yaml",
            "translations/.gitignore"
        ]
    },
    "symfony/translation-contracts": {
        "version": "1.1.7"
    },
    "symfony/twig-bridge": {
        "version": "4.3.5"
    },
    "symfony/twig-bundle": {
        "version": "4.3.5",
        "files": [
            "config/packages/twig.yaml",
            "config/routes/dev/twig.yaml",
            "templates/base.html.twig"
        ]
    },
    "symfony/validator": {
        "version": "4.3.5",
        "files": [
            "config/packages/test/validator.yaml",
            "config/packages/validator.yaml"
        ]
    },
    "symfony/var-dumper": {
        "version": "4.3.5"
    },
    "symfony/var-exporter": {
        "version": "4.3.5"
    },
    "symfony/web-profiler-bundle": {
        "version": "4.3.5",
        "files": [
            "config/packages/test/web_profiler.yaml",
            "config/packages/dev/web_profiler.yaml",
            "config/routes/dev/web_profiler.yaml"
        ]
    },
    "symfony/webpack-encore-bundle": {
        "version": "1.0",
        "recipe": {
            "repo": "github.com/symfony/recipes",
            "branch": "master",
            "version": "1.0",
            "ref": "d3b160b9799c91cbfc3df6f018c795f3bf88698a"
        },
        "files": [
            "assets/css/app.css",
            "assets/js/app.js",
            "config/packages/assets.yaml",
            "config/packages/prod/webpack_encore.yaml",
            "config/packages/webpack_encore.yaml",
            "package.json",
            "webpack.config.js"
        ]
    },
    "symfony/yaml": {
        "version": "4.3.5"
    },
    "twig/extensions": {
        "version": "1.5.4",
        "files": [
            "config/packages/twig_extensions.yaml"
        ]
    },
    "twig/twig": {
        "version": "2.12.1"
    },
    "ua-parser/uap-php": {
        "version": "3.9.1"
    },
    "zendframework/zend-code": {
        "version": "3.4.0"
    },
    "zendframework/zend-eventmanager": {
        "version": "3.2.1"
    },
    "zendframework/zenddiagnostics": {
        "version": "1.5.0"
    }
}
